# This file is automatically @generated by Poetry 2.2.1 and should not be changed by hand.

[[package]]
name = "colorama"
version = "0.4.6"
description = "Cross-platform colored terminal text."
optional = false
python-versions = "!=3.0.*,!=3.1.*,!=3.2.*,!=3.3.*,!=3.4.*,!=3.5.*,!=3.6.*,>=2.7"
groups = ["dev"]
markers = "sys_platform == \"win32\""
files = [
    {file = "colorama-0.4.6-py2.py3-none-any.whl", hash = "sha256:4f1d9991f5acc0ca119f9d443620b77f9d6b33703e51011c16baf57afb285fc6"},
    {file = "colorama-0.4.6.tar.gz", hash = "sha256:08695f5cb7ed6e0531a20572697297273c47b8cae5a63ffc6d6ed5c201be6e44"},
]

[[package]]
name = "iniconfig"
version = "2.3.0"
description = "brain-dead simple config-ini parsing"
optional = false
python-versions = ">=3.10"
groups = ["dev"]
files = [
    {file = "iniconfig-2.3.0-py3-none-any.whl", hash = "sha256:f631c04d2c48c52b84d0d0549c99ff3859c98df65b3101406327ecc7d53fbf12"},
    {file = "iniconfig-2.3.0.tar.gz", hash = "sha256:c76315c77db068650d49c5b56314774a7804df16fee4402c1f19d6d15d8c4730"},
]

[[package]]
name = "packaging"
version = "26.2"
description = "Core utilities for Python packages"
optional = false
python-versions = ">=3.8"
groups = ["dev"]
files = [
    {file = "packaging-26.2-py3-none-any.whl", hash = "sha256:5fc45236b9446107ff2415ce77c807cee2862cb6fac22b8a73826d0693b0980e"},
    {file = "packaging-26.2.tar.gz", hash = "sha256:ff452ff5a3e828ce110190feff1178bb1f2ea2281fa2075aadb987c2fb221661"},
]

[[package]]
name = "pluggy"
version = "1.6.0"
description = "plugin and hook calling mechanisms for python"
optional = false
python-versions = ">=3.9"
groups = ["dev"]
files = [
    {file = "pluggy-1.6.0-py3-none-any.whl", hash = "sha256:e920276dd6813095e9377c0bc5566d94c932c33b27a3e3945d8389c374dd4746"},
    {file = "pluggy-1.6.0.tar.gz", hash = "sha256:7dcc130b76258d33b90f61b658791dede3486c3e6bfb003ee5c9bfb396dd22f3"},
]

[package.extras]
dev = ["pre-commit", "tox"]
testing = ["coverage", "pytest", "pytest-benchmark"]

[[package]]
name = "pygments"
version = "2.20.0"
description = "Pygments is a syntax highlighting package written in Python."
optional = false
python-versions = ">=3.9"
groups = ["dev"]
files = [
    {file = "pygments-2.20.0-py3-none-any.whl", hash = "sha256:81a9e26dd42fd28a23a2d169d86d7ac03b46e2f8b59ed4698fb4785f946d0176"},
    {file = "pygments-2.20.0.tar.gz", hash = "sha256:6757cd03768053ff99f3039c1a36d6c0aa0b263438fcab17520b30a303a82b5f"},
]

[package.extras]
windows-terminal = ["colorama (>=0.4.6)"]

[[package]]
name = "pytest"
version = "9.1.1"
description = "pytest: simple powerful testing with Python"
optional = false
python-versions = ">=3.10"
groups = ["dev"]
files = [
    {file = "pytest-9.1.1-py3-none-any.whl", hash = "sha256:37a86b45efb9a47a61a36449063e8e18d0cab3161329fc099eb21783169c4f0c"},
    {file = "pytest-9.1.1.tar.gz", hash = "sha256:1088fbde8f2b49d95a549a195707afa7a76a3ce9bcadc26b6d71f0ffda5fe313"},
]

[package.dependencies]
colorama = {version = ">=0.4", markers = "sys_platform == \"win32\""}
iniconfig = ">=1.0.1"
packaging = ">=22"
pluggy = ">=1.5,<2"
pygments = ">=2.7.2"

[package.extras]
dev = ["argcomplete", "attrs (>=19.2)", "hypothesis (>=3.56)", "mock", "requests", "setuptools", "xmlschema"]

[[package]]
name = "ruff"
version = "0.16.2"
description = "An extremely fast Python linter and code formatter, written in Rust."
optional = false
python-versions = ">=3.7"
groups = ["dev"]
files = [
    {file = "ruff-0.16.2-py3-none-linux_armv6l.whl", hash = "sha256:3c8de4cf2181f01d57946d87d777aa52916976fc09942aed89938fab5e013318"},
    {file = "ruff-0.16.2-py3-none-macosx_10_12_x86_64.whl", hash = "sha256:9a48cc05c6fbc811ca81b5d7ba95375affea6582d1b8024e455e41afbbf55344"},
    {file = "ruff-0.16.2-py3-none-macosx_11_0_arm64.whl", hash = "sha256:a2c0d14fcbb26c91f0f867a6dc9bd71bbc30b1b6151829c884f23faeab2e5700"},
    {file = "ruff-0.16.2-py3-none-manylinux_2_17_aarch64.manylinux2014_aarch64.whl", hash = "sha256:335c621622c4650330be50842561c6586ac6971bb8ab5407fe34dcc9efb16bbe"},
    {file = "ruff-0.16.2-py3-none-manylinux_2_17_armv7l.manylinux2014_armv7l.whl", hash = "sha256:20e66910f2c37cc753f9ef6580c914a621b80c4fa3549d3e3521e29d0f5bfc3f"},
    {file = "ruff-0.16.2-py3-none-manylinux_2_17_i686.manylinux2014_i686.whl", hash = "sha256:c7e36fbfba65510548156902bcf1350a979a958ce0347ce0f90d73894036b39f"},
    {file = "ruff-0.16.2-py3-none-manylinux_2_17_ppc64le.manylinux2014_ppc64le.whl", hash = "sha256:f0eab35f80df8f134aae5d1630e751901321d317cc8e50dc39e36fa3ed34cd12"},
    {file = "ruff-0.16.2-py3-none-manylinux_2_17_s390x.manylinux2014_s390x.whl", hash = "sha256:40ea8c0594feb894e89c8c61ab9c103d38b0ea72dfde6c594107147ca31b1140"},
    {file = "ruff-0.16.2-py3-none-manylinux_2_17_x86_64.manylinux2014_x86_64.whl", hash = "sha256:ab3d62dde0b19facdd632008cc4827fc28ada7736c6bd35ab6f1050f0bfed53f"},
    {file = "ruff-0.16.2-py3-none-manylinux_2_31_riscv64.whl", hash = "sha256:e43e1f5b8388da9eca1b9e88328d47a5cec794633ccf6f7484ac2dd15eee92c0"},
    {file = "ruff-0.16.2-py3-none-musllinux_1_2_aarch64.whl", hash = "sha256:c24788a980581e1d7ea3a0cbe4344c4fbeb0a6a9b1f4713aa46bb104f8294690"},
    {file = "ruff-0.16.2-py3-none-musllinux_1_2_armv7l.whl", hash = "sha256:81806b08329130005dd4a8a8394a0c9da8c6f4cafb16ba438d2a2ee6a18bedf1"},
    {file = "ruff-0.16.2-py3-none-musllinux_1_2_i686.whl", hash = "sha256:4ce4e02bad779bef557f541a1b31f20d6abeae1cc05ed1b1ac019d4ffd1044c8"},
    {file = "ruff-0.16.2-py3-none-musllinux_1_2_x86_64.whl", hash = "sha256:e0422abdf70070255fc4073ce9dfc814cc03db577013761ddd09bc1e4a9a4fbd"},
    {file = "ruff-0.16.2-py3-none-win32.whl", hash = "sha256:bf3a63d78fb39f4bf5ac8ae52051c5520505301abe19ba4e204c453b3f09bb0b"},
    {file = "ruff-0.16.2-py3-none-win_amd64.whl", hash = "sha256:bcabe2f6d0fc7819f1431793005af4e4de7371927d037345bf941252b195b9fa"},
    {file = "ruff-0.16.2-py3-none-win_arm64.whl", hash = "sha256:d614e95cedf38a2053fd351c55b103ba30d017d61688fdbfd40ee0412852a99f"},
    {file = "ruff-0.16.2.tar.gz", hash = "sha256:c3d7828d12e8927a6fc65fe38e2c2541b9e762d360a1786d752cb1b8883b3c9c"},
]

[metadata]
lock-version = "2.1"
python-versions = "^3.11"
content-hash = "7d5bc4b4d49783fa33c51d65c99fa7f89429f8fcf030653190f62e3eab190529"
